
Microsoft Visual Studio Solution File, Format Version 12.00
# Visual Studio Version 16
VisualStudioVersion = 16.0.31515.178
MinimumVisualStudioVersion = 10.0.40219.1
Project("{FAE04EC0-301F-11D3-BF4B-00C04F79EFBC}") = "ModuloNotificacionesPI", "ModuloNotificacionesPI.csproj", "{24924C84-65A3-4C5A-A872-870B04FBABE2}"
EndProject
Global
	GlobalSection(SolutionConfigurationPlatforms) = preSolution
		Debug|Any CPU = Debug|Any CPU
		Release|Any CPU = Release|Any CPU
	EndGlobalSection
	GlobalSection(ProjectConfigurationPlatforms) = postSolution
		{24924C84-65A3-4C5A-A872-870B04FBABE2}.Debug|Any CPU.ActiveCfg = Debug|Any CPU
		{24924C84-65A3-4C5A-A872-870B04FBABE2}.Debug|Any CPU.Build.0 = Debug|Any CPU
		{24924C84-65A3-4C5A-A872-870B04FBABE2}.Release|Any CPU.ActiveCfg = Release|Any CPU
		{24924C84-65A3-4C5A-A872-870B04FBABE2}.Release|Any CPU.Build.0 = Release|Any CPU
	EndGlobalSection
	GlobalSection(SolutionProperties) = preSolution
		HideSolutionNode = FALSE
	EndGlobalSection
	GlobalSection(ExtensibilityGlobals) = postSolution
		SolutionGuid = {CFF9C804-187E-44F2-9023-E9B0865CAB87}
	EndGlobalSection
EndGlobal
